
Microsoft Visual Studio Solution File, Format Version 12.00
# Visual Studio 15
Project("{FAE04EC0-301F-11D3-BF4B-00C04F79EFBC}") = "Fig4p1Gradebook", "Fig4p1Gradebook\Fig4p1Gradebook.csproj", "{7A5F2CEA-5885-42B4-869B-95B0388C6E86}"
EndProject
Global
	GlobalSection(SolutionConfigurationPlatforms) = preSolution
		Debug|x86 = Debug|x86
		Release|x86 = Release|x86
	EndGlobalSection
	GlobalSection(ProjectConfigurationPlatforms) = postSolution
		{7A5F2CEA-5885-42B4-869B-95B0388C6E86}.Debug|x86.ActiveCfg = Debug|x86
		{7A5F2CEA-5885-42B4-869B-95B0388C6E86}.Debug|x86.Build.0 = Debug|x86
		{7A5F2CEA-5885-42B4-869B-95B0388C6E86}.Release|x86.ActiveCfg = Release|x86
		{7A5F2CEA-5885-42B4-869B-95B0388C6E86}.Release|x86.Build.0 = Release|x86
	EndGlobalSection
EndGlobal
